
Microsoft Visual Studio Solution File, Format Version 12.00
# Visual Studio Version 16
VisualStudioVersion = 25.0.1703.5
MinimumVisualStudioVersion = 10.0.40219.1
Project("{FAE04EC0-301F-11D3-BF4B-00C04F79EFBC}") = "04.Even_Powers_Of_2", "04.Even_Powers_Of_2\04.Even_Powers_Of_2.csproj", "{65560F06-EDD8-4D20-AC1E-3AD028FA69F3}"
EndProject
Global
	GlobalSection(SolutionConfigurationPlatforms) = preSolution
		Debug|Any CPU = Debug|Any CPU
		Release|Any CPU = Release|Any CPU
	EndGlobalSection
	GlobalSection(ProjectConfigurationPlatforms) = postSolution
		{65560F06-EDD8-4D20-AC1E-3AD028FA69F3}.Debug|Any CPU.ActiveCfg = Debug|Any CPU
		{65560F06-EDD8-4D20-AC1E-3AD028FA69F3}.Debug|Any CPU.Build.0 = Debug|Any CPU
		{65560F06-EDD8-4D20-AC1E-3AD028FA69F3}.Release|Any CPU.ActiveCfg = Release|Any CPU
		{65560F06-EDD8-4D20-AC1E-3AD028FA69F3}.Release|Any CPU.Build.0 = Release|Any CPU
	EndGlobalSection
	GlobalSection(SolutionProperties) = preSolution
		HideSolutionNode = FALSE
	EndGlobalSection
	GlobalSection(ExtensibilityGlobals) = postSolution
		SolutionGuid = {4EA608E6-B57C-4DCB-9D29-CFCE39565BF3}
	EndGlobalSection
EndGlobal
