
Microsoft Visual Studio Solution File, Format Version 12.00
# Visual Studio Version 16
VisualStudioVersion = 25.0.1703.5
MinimumVisualStudioVersion = 10.0.40219.1
Project("{FAE04EC0-301F-11D3-BF4B-00C04F79EFBC}") = "09.Left_And_Right_Sum", "09.Left_And_Right_Sum\09.Left_And_Right_Sum.csproj", "{6A7BD1A5-B335-47ED-86D9-C86D6022DEB2}"
EndProject
Global
	GlobalSection(SolutionConfigurationPlatforms) = preSolution
		Debug|Any CPU = Debug|Any CPU
		Release|Any CPU = Release|Any CPU
	EndGlobalSection
	GlobalSection(ProjectConfigurationPlatforms) = postSolution
		{6A7BD1A5-B335-47ED-86D9-C86D6022DEB2}.Debug|Any CPU.ActiveCfg = Debug|Any CPU
		{6A7BD1A5-B335-47ED-86D9-C86D6022DEB2}.Debug|Any CPU.Build.0 = Debug|Any CPU
		{6A7BD1A5-B335-47ED-86D9-C86D6022DEB2}.Release|Any CPU.ActiveCfg = Release|Any CPU
		{6A7BD1A5-B335-47ED-86D9-C86D6022DEB2}.Release|Any CPU.Build.0 = Release|Any CPU
	EndGlobalSection
	GlobalSection(SolutionProperties) = preSolution
		HideSolutionNode = FALSE
	EndGlobalSection
	GlobalSection(ExtensibilityGlobals) = postSolution
		SolutionGuid = {5D695FF4-8952-4938-95A5-35C866DA74EC}
	EndGlobalSection
EndGlobal
